{
  "name": "openchess",
  "version": "0.1.0",
  "lockfileVersion": 1,
  "requires": true,
  "dependencies": {
    "openzeppelin-solidity": {
      "version": "github:OpenZeppelin/openzeppelin-contracts#29ffe6f426730036a664e0ed2f5a114744e56585",
      "from": "github:OpenZeppelin/openzeppelin-contracts#29ffe6f426730036a664e0ed2f5a114744e56585"
    }
  }
}
